// !$*UTF8*$!
{
	archiveVersion = 1;
	classes = {
	};
	objectVersion = 46;
	objects = {

/* Begin PBXBuildFile section */
		29CDE0F01AF7B7FA00C02916 /* main.cpp in Sources */ = {isa = PBXBuildFile; fileRef = 29CDE0EF1AF7B7FA00C02916 /* main.cpp */; };
		29CDE0FD1AF7B99300C02916 /* README.md in Sources */ = {isa = PBXBuildFile; fileRef = 29CDE0FC1AF7B99300C02916 /* README.md */; };
/* End PBXBuildFile section */

/* Begin PBXCopyFilesBuildPhase section */
		29CDE0EA1AF7B7F900C02916 /* CopyFiles */ = {
			isa = PBXCopyFilesBuildPhase;
			buildActionMask = 2147483647;
			dstPath = /usr/share/man/man1/;
			dstSubfolderSpec = 0;
			files = (
			);
			runOnlyForDeploymentPostprocessing = 1;
		};
/* End PBXCopyFilesBuildPhase section */

/* Begin PBXFileReference section */
		29CDE0EC1AF7B7F900C02916 /* DR */ = {isa = PBXFileReference; explicitFileType = "compiled.mach-o.executable"; includeInIndex = 0; path = DR; sourceTree = BUILT_PRODUCTS_DIR; };
		29CDE0EF1AF7B7FA00C02916 /* main.cpp */ = {isa = PBXFileReference; lastKnownFileType = sourcecode.cpp.cpp; path = main.cpp; sourceTree = "<group>"; };
		29CDE0F61AF7B99200C02916 /* create_balanced_classes.py */ = {isa = PBXFileReference; fileEncoding = 4; lastKnownFileType = text.script.python; path = create_balanced_classes.py; sourceTree = "<group>"; };
		29CDE0F71AF7B99200C02916 /* create_image_sframes.py */ = {isa = PBXFileReference; fileEncoding = 4; lastKnownFileType = text.script.python; path = create_image_sframes.py; sourceTree = "<group>"; };
		29CDE0F81AF7B99200C02916 /* create_nn_model.py */ = {isa = PBXFileReference; fileEncoding = 4; lastKnownFileType = text.script.python; path = create_nn_model.py; sourceTree = "<group>"; };
		29CDE0F91AF7B99200C02916 /* create_submission.py */ = {isa = PBXFileReference; fileEncoding = 4; lastKnownFileType = text.script.python; path = create_submission.py; sourceTree = "<group>"; };
		29CDE0FA1AF7B99300C02916 /* LICENSE */ = {isa = PBXFileReference; fileEncoding = 4; lastKnownFileType = text; path = LICENSE; sourceTree = "<group>"; };
		29CDE0FB1AF7B99300C02916 /* prep_image.sh */ = {isa = PBXFileReference; fileEncoding = 4; lastKnownFileType = text.script.sh; path = prep_image.sh; sourceTree = "<group>"; };
		29CDE0FC1AF7B99300C02916 /* README.md */ = {isa = PBXFileReference; fileEncoding = 4; lastKnownFileType = net.daringfireball.markdown; path = README.md; sourceTree = "<group>"; };
/* End PBXFileReference section */

/* Begin PBXFrameworksBuildPhase section */
		29CDE0E91AF7B7F900C02916 /* Frameworks */ = {
			isa = PBXFrameworksBuildPhase;
			buildActionMask = 2147483647;
			files = (
			);
			runOnlyForDeploymentPostprocessing = 0;
		};
/* End PBXFrameworksBuildPhase section */

/* Begin PBXGroup section */
		29CDE0E31AF7B7F900C02916 = {
			isa = PBXGroup;
			children = (
				29CDE0EE1AF7B7FA00C02916 /* DR */,
				29CDE0ED1AF7B7F900C02916 /* Products */,
			);
			sourceTree = "<group>";
		};
		29CDE0ED1AF7B7F900C02916 /* Products */ = {
			isa = PBXGroup;
			children = (
				29CDE0EC1AF7B7F900C02916 /* DR */,
			);
			name = Products;
			sourceTree = "<group>";
		};
		29CDE0EE1AF7B7FA00C02916 /* DR */ = {
			isa = PBXGroup;
			children = (
				29CDE0F61AF7B99200C02916 /* create_balanced_classes.py */,
				29CDE0F71AF7B99200C02916 /* create_image_sframes.py */,
				29CDE0F81AF7B99200C02916 /* create_nn_model.py */,
				29CDE0F91AF7B99200C02916 /* create_submission.py */,
				29CDE0FA1AF7B99300C02916 /* LICENSE */,
				29CDE0FB1AF7B99300C02916 /* prep_image.sh */,
				29CDE0FC1AF7B99300C02916 /* README.md */,
				29CDE0EF1AF7B7FA00C02916 /* main.cpp */,
			);
			path = DR;
			sourceTree = "<group>";
		};
/* End PBXGroup section */

/* Begin PBXNativeTarget section */
		29CDE0EB1AF7B7F900C02916 /* DR */ = {
			isa = PBXNativeTarget;
			buildConfigurationList = 29CDE0F31AF7B7FA00C02916 /* Build configuration list for PBXNativeTarget "DR" */;
			buildPhases = (
				29CDE0E81AF7B7F900C02916 /* Sources */,
				29CDE0E91AF7B7F900C02916 /* Frameworks */,
				29CDE0EA1AF7B7F900C02916 /* CopyFiles */,
			);
			buildRules = (
			);
			dependencies = (
			);
			name = DR;
			productName = DR;
			productReference = 29CDE0EC1AF7B7F900C02916 /* DR */;
			productType = "com.apple.product-type.tool";
		};
/* End PBXNativeTarget section */

/* Begin PBXProject section */
		29CDE0E41AF7B7F900C02916 /* Project object */ = {
			isa = PBXProject;
			attributes = {
				LastUpgradeCheck = 0630;
				ORGANIZATIONNAME = "Gary Duncan";
				TargetAttributes = {
					29CDE0EB1AF7B7F900C02916 = {
						CreatedOnToolsVersion = 6.3.1;
					};
				};
			};
			buildConfigurationList = 29CDE0E71AF7B7F900C02916 /* Build configuration list for PBXProject "DR" */;
			compatibilityVersion = "Xcode 3.2";
			developmentRegion = English;
			hasScannedForEncodings = 0;
			knownRegions = (
				en,
			);
			mainGroup = 29CDE0E31AF7B7F900C02916;
			productRefGroup = 29CDE0ED1AF7B7F900C02916 /* Products */;
			projectDirPath = "";
			projectRoot = "";
			targets = (
				29CDE0EB1AF7B7F900C02916 /* DR */,
			);
		};
/* End PBXProject section */

/* Begin PBXSourcesBuildPhase section */
		29CDE0E81AF7B7F900C02916 /* Sources */ = {
			isa = PBXSourcesBuildPhase;
			buildActionMask = 2147483647;
			files = (
				29CDE0FD1AF7B99300C02916 /* README.md in Sources */,
				29CDE0F01AF7B7FA00C02916 /* main.cpp in Sources */,
			);
			runOnlyForDeploymentPostprocessing = 0;
		};
/* End PBXSourcesBuildPhase section */

/* Begin XCBuildConfiguration section */
		29CDE0F11AF7B7FA00C02916 /* Debug */ = {
			isa = XCBuildConfiguration;
			buildSettings = {
				ALWAYS_SEARCH_USER_PATHS = NO;
				CLANG_CXX_LANGUAGE_STANDARD = "gnu++0x";
				CLANG_CXX_LIBRARY = "libc++";
				CLANG_ENABLE_MODULES = YES;
				CLANG_ENABLE_OBJC_ARC = YES;
				CLANG_WARN_BOOL_CONVERSION = YES;
				CLANG_WARN_CONSTANT_CONVERSION = YES;
				CLANG_WARN_DIRECT_OBJC_ISA_USAGE = YES_ERROR;
				CLANG_WARN_EMPTY_BODY = YES;
				CLANG_WARN_ENUM_CONVERSION = YES;
				CLANG_WARN_INT_CONVERSION = YES;
				CLANG_WARN_OBJC_ROOT_CLASS = YES_ERROR;
				CLANG_WARN_UNREACHABLE_CODE = YES;
				CLANG_WARN__DUPLICATE_METHOD_MATCH = YES;
				COPY_PHASE_STRIP = NO;
				DEBUG_INFORMATION_FORMAT = dwarf;
				ENABLE_STRICT_OBJC_MSGSEND = YES;
				GCC_C_LANGUAGE_STANDARD = gnu99;
				GCC_DYNAMIC_NO_PIC = NO;
				GCC_NO_COMMON_BLOCKS = YES;
				GCC_OPTIMIZATION_LEVEL = 0;
				GCC_PREPROCESSOR_DEFINITIONS = (
					"DEBUG=1",
					"$(inherited)",
				);
				GCC_SYMBOLS_PRIVATE_EXTERN = NO;
				GCC_WARN_64_TO_32_BIT_CONVERSION = YES;
				GCC_WARN_ABOUT_RETURN_TYPE = YES_ERROR;
				GCC_WARN_UNDECLARED_SELECTOR = YES;
				GCC_WARN_UNINITIALIZED_AUTOS = YES_AGGRESSIVE;
				GCC_WARN_UNUSED_FUNCTION = YES;
				GCC_WARN_UNUSED_VARIABLE = YES;
				MACOSX_DEPLOYMENT_TARGET = 10.10;
				MTL_ENABLE_DEBUG_INFO = YES;
				ONLY_ACTIVE_ARCH = YES;
				SDKROOT = macosx;
			};
			name = Debug;
		};
		29CDE0F21AF7B7FA00C02916 /* Release */ = {
			isa = XCBuildConfiguration;
			buildSettings = {
				ALWAYS_SEARCH_USER_PATHS = NO;
				CLANG_CXX_LANGUAGE_STANDARD = "gnu++0x";
				CLANG_CXX_LIBRARY = "libc++";
				CLANG_ENABLE_MODULES = YES;
				CLANG_ENABLE_OBJC_ARC = YES;
				CLANG_WARN_BOOL_CONVERSION = YES;
				CLANG_WARN_CONSTANT_CONVERSION = YES;
				CLANG_WARN_DIRECT_OBJC_ISA_USAGE = YES_ERROR;
				CLANG_WARN_EMPTY_BODY = YES;
				CLANG_WARN_ENUM_CONVERSION = YES;
				CLANG_WARN_INT_CONVERSION = YES;
				CLANG_WARN_OBJC_ROOT_CLASS = YES_ERROR;
				CLANG_WARN_UNREACHABLE_CODE = YES;
				CLANG_WARN__DUPLICATE_METHOD_MATCH = YES;
				COPY_PHASE_STRIP = NO;
				DEBUG_INFORMATION_FORMAT = "dwarf-with-dsym";
				ENABLE_NS_ASSERTIONS = NO;
				ENABLE_STRICT_OBJC_MSGSEND = YES;
				GCC_C_LANGUAGE_STANDARD = gnu99;
				GCC_NO_COMMON_BLOCKS = YES;
				GCC_WARN_64_TO_32_BIT_CONVERSION = YES;
				GCC_WARN_ABOUT_RETURN_TYPE = YES_ERROR;
				GCC_WARN_UNDECLARED_SELECTOR = YES;
				GCC_WARN_UNINITIALIZED_AUTOS = YES_AGGRESSIVE;
				GCC_WARN_UNUSED_FUNCTION = YES;
				GCC_WARN_UNUSED_VARIABLE = YES;
				MACOSX_DEPLOYMENT_TARGET = 10.10;
				MTL_ENABLE_DEBUG_INFO = NO;
				SDKROOT = macosx;
			};
			name = Release;
		};
		29CDE0F41AF7B7FA00C02916 /* Debug */ = {
			isa = XCBuildConfiguration;
			buildSettings = {
				PRODUCT_NAME = "$(TARGET_NAME)";
			};
			name = Debug;
		};
		29CDE0F51AF7B7FA00C02916 /* Release */ = {
			isa = XCBuildConfiguration;
			buildSettings = {
				PRODUCT_NAME = "$(TARGET_NAME)";
			};
			name = Release;
		};
/* End XCBuildConfiguration section */

/* Begin XCConfigurationList section */
		29CDE0E71AF7B7F900C02916 /* Build configuration list for PBXProject "DR" */ = {
			isa = XCConfigurationList;
			buildConfigurations = (
				29CDE0F11AF7B7FA00C02916 /* Debug */,
				29CDE0F21AF7B7FA00C02916 /* Release */,
			);
			defaultConfigurationIsVisible = 0;
			defaultConfigurationName = Release;
		};
		29CDE0F31AF7B7FA00C02916 /* Build configuration list for PBXNativeTarget "DR" */ = {
			isa = XCConfigurationList;
			buildConfigurations = (
				29CDE0F41AF7B7FA00C02916 /* Debug */,
				29CDE0F51AF7B7FA00C02916 /* Release */,
			);
			defaultConfigurationIsVisible = 0;
		};
/* End XCConfigurationList section */
	};
	rootObject = 29CDE0E41AF7B7F900C02916 /* Project object */;
}
